// !$*UTF8*$!
{
	archiveVersion = 1;
	classes = {
	};
	objectVersion = 46;
	objects = {

/* Begin PBXBuildFile section */
		1CE382AA500ED484DA83B77C /* Pods_SwiftNewsFeedExampleUITests.framework in Frameworks */ = {isa = PBXBuildFile; fileRef = 6FE365F96E0258CD901B34CE /* Pods_SwiftNewsFeedExampleUITests.framework */; };
		41B6B706A6EEA471F7E6428F /* Pods_SwiftNewsFeedExample.framework in Frameworks */ = {isa = PBXBuildFile; fileRef = DF923C0C5C52C791D124954A /* Pods_SwiftNewsFeedExample.framework */; };
		8E3061363B95F57954846902 /* Pods_SwiftNewsFeedExampleTests.framework in Frameworks */ = {isa = PBXBuildFile; fileRef = 38C7DF8C1C45D9B2E20B443B /* Pods_SwiftNewsFeedExampleTests.framework */; };
		FB8527ED1E86AE2E00461E91 /* AppDelegate.swift in Sources */ = {isa = PBXBuildFile; fileRef = FB8527EC1E86AE2E00461E91 /* AppDelegate.swift */; };
		FB8527EF1E86AE2E00461E91 /* ViewController.swift in Sources */ = {isa = PBXBuildFile; fileRef = FB8527EE1E86AE2E00461E91 /* ViewController.swift */; };
		FB8527F21E86AE2E00461E91 /* Main.storyboard in Resources */ = {isa = PBXBuildFile; fileRef = FB8527F01E86AE2E00461E91 /* Main.storyboard */; };
		FB8527F41E86AE2E00461E91 /* Assets.xcassets in Resources */ = {isa = PBXBuildFile; fileRef = FB8527F31E86AE2E00461E91 /* Assets.xcassets */; };
		FB8527F71E86AE2E00461E91 /* LaunchScreen.storyboard in Resources */ = {isa = PBXBuildFile; fileRef = FB8527F51E86AE2E00461E91 /* LaunchScreen.storyboard */; };
		FB8528021E86AE2E00461E91 /* SwiftNewsFeedExampleTests.swift in Sources */ = {isa = PBXBuildFile; fileRef = FB8528011E86AE2E00461E91 /* SwiftNewsFeedExampleTests.swift */; };
		FB85280D1E86AE2E00461E91 /* SwiftNewsFeedExampleUITests.swift in Sources */ = {isa = PBXBuildFile; fileRef = FB85280C1E86AE2E00461E91 /* SwiftNewsFeedExampleUITests.swift */; };
		FB85281B1E86DE4400461E91 /* ApiWrapper.swift in Sources */ = {isa = PBXBuildFile; fileRef = FB85281A1E86DE4400461E91 /* ApiWrapper.swift */; };
		FB85281E1E86DF3100461E91 /* NewsFeedViewController.swift in Sources */ = {isa = PBXBuildFile; fileRef = FB85281D1E86DF3100461E91 /* NewsFeedViewController.swift */; };
		FB8528221E86EA6800461E91 /* Constants.swift in Sources */ = {isa = PBXBuildFile; fileRef = FB8528211E86EA6800461E91 /* Constants.swift */; };
		FBB282711E898F2F004534CA /* CustomNewsFeedItemTableViewCell.swift in Sources */ = {isa = PBXBuildFile; fileRef = FBB282701E898F2F004534CA /* CustomNewsFeedItemTableViewCell.swift */; };
		FBB282731E89A0C1004534CA /* ChosenArticleViewController.swift in Sources */ = {isa = PBXBuildFile; fileRef = FBB282721E89A0C1004534CA /* ChosenArticleViewController.swift */; };
		FBCAE81A1E88183900D168AD /* getNewsContentBridge.swift in Sources */ = {isa = PBXBuildFile; fileRef = FBCAE8191E88183900D168AD /* getNewsContentBridge.swift */; };
		FBCAE81E1E881A2900D168AD /* NewsModel.swift in Sources */ = {isa = PBXBuildFile; fileRef = FBCAE81D1E881A2900D168AD /* NewsModel.swift */; };
		FBCAE8261E885F0400D168AD /* CacheData.swift in Sources */ = {isa = PBXBuildFile; fileRef = FBCAE8251E885F0400D168AD /* CacheData.swift */; };
/* End PBXBuildFile section */

/* Begin PBXContainerItemProxy section */
		FB8527FE1E86AE2E00461E91 /* PBXContainerItemProxy */ = {
			isa = PBXContainerItemProxy;
			containerPortal = FB8527E11E86AE2E00461E91 /* Project object */;
			proxyType = 1;
			remoteGlobalIDString = FB8527E81E86AE2E00461E91;
			remoteInfo = SwiftNewsFeedExample;
		};
		FB8528091E86AE2E00461E91 /* PBXContainerItemProxy */ = {
			isa = PBXContainerItemProxy;
			containerPortal = FB8527E11E86AE2E00461E91 /* Project object */;
			proxyType = 1;
			remoteGlobalIDString = FB8527E81E86AE2E00461E91;
			remoteInfo = SwiftNewsFeedExample;
		};
/* End PBXContainerItemProxy section */

/* Begin PBXFileReference section */
		358D1FB20876E8998982FC2A /* Pods-SwiftNewsFeedExampleTests.release.xcconfig */ = {isa = PBXFileReference; includeInIndex = 1; lastKnownFileType = text.xcconfig; name = "Pods-SwiftNewsFeedExampleTests.release.xcconfig"; path = "Pods/Target Support Files/Pods-SwiftNewsFeedExampleTests/Pods-SwiftNewsFeedExampleTests.release.xcconfig"; sourceTree = "<group>"; };
		38C7DF8C1C45D9B2E20B443B /* Pods_SwiftNewsFeedExampleTests.framework */ = {isa = PBXFileReference; explicitFileType = wrapper.framework; includeInIndex = 0; path = Pods_SwiftNewsFeedExampleTests.framework; sourceTree = BUILT_PRODUCTS_DIR; };
		4D631A0D66CF674B0935F7D2 /* Pods-SwiftNewsFeedExample.release.xcconfig */ = {isa = PBXFileReference; includeInIndex = 1; lastKnownFileType = text.xcconfig; name = "Pods-SwiftNewsFeedExample.release.xcconfig"; path = "Pods/Target Support Files/Pods-SwiftNewsFeedExample/Pods-SwiftNewsFeedExample.release.xcconfig"; sourceTree = "<group>"; };
		5B79F08520758120DA403A0F /* Pods-SwiftNewsFeedExampleTests.debug.xcconfig */ = {isa = PBXFileReference; includeInIndex = 1; lastKnownFileType = text.xcconfig; name = "Pods-SwiftNewsFeedExampleTests.debug.xcconfig"; path = "Pods/Target Support Files/Pods-SwiftNewsFeedExampleTests/Pods-SwiftNewsFeedExampleTests.debug.xcconfig"; sourceTree = "<group>"; };
		6FE365F96E0258CD901B34CE /* Pods_SwiftNewsFeedExampleUITests.framework */ = {isa = PBXFileReference; explicitFileType = wrapper.framework; includeInIndex = 0; path = Pods_SwiftNewsFeedExampleUITests.framework; sourceTree = BUILT_PRODUCTS_DIR; };
		8011BEDFEA0EB91F70FC1247 /* Pods-SwiftNewsFeedExampleUITests.debug.xcconfig */ = {isa = PBXFileReference; includeInIndex = 1; lastKnownFileType = text.xcconfig; name = "Pods-SwiftNewsFeedExampleUITests.debug.xcconfig"; path = "Pods/Target Support Files/Pods-SwiftNewsFeedExampleUITests/Pods-SwiftNewsFeedExampleUITests.debug.xcconfig"; sourceTree = "<group>"; };
		8E262C194905E5B9C18FA43A /* Pods-SwiftNewsFeedExample.debug.xcconfig */ = {isa = PBXFileReference; includeInIndex = 1; lastKnownFileType = text.xcconfig; name = "Pods-SwiftNewsFeedExample.debug.xcconfig"; path = "Pods/Target Support Files/Pods-SwiftNewsFeedExample/Pods-SwiftNewsFeedExample.debug.xcconfig"; sourceTree = "<group>"; };
		902DB1065CA367B0385A8E87 /* Pods-SwiftNewsFeedExampleUITests.release.xcconfig */ = {isa = PBXFileReference; includeInIndex = 1; lastKnownFileType = text.xcconfig; name = "Pods-SwiftNewsFeedExampleUITests.release.xcconfig"; path = "Pods/Target Support Files/Pods-SwiftNewsFeedExampleUITests/Pods-SwiftNewsFeedExampleUITests.release.xcconfig"; sourceTree = "<group>"; };
		DF923C0C5C52C791D124954A /* Pods_SwiftNewsFeedExample.framework */ = {isa = PBXFileReference; explicitFileType = wrapper.framework; includeInIndex = 0; path = Pods_SwiftNewsFeedExample.framework; sourceTree = BUILT_PRODUCTS_DIR; };
		FB8527E91E86AE2E00461E91 /* SwiftNewsFeedExample.app */ = {isa = PBXFileReference; explicitFileType = wrapper.application; includeInIndex = 0; path = SwiftNewsFeedExample.app; sourceTree = BUILT_PRODUCTS_DIR; };
		FB8527EC1E86AE2E00461E91 /* AppDelegate.swift */ = {isa = PBXFileReference; lastKnownFileType = sourcecode.swift; path = AppDelegate.swift; sourceTree = "<group>"; };
		FB8527EE1E86AE2E00461E91 /* ViewController.swift */ = {isa = PBXFileReference; lastKnownFileType = sourcecode.swift; path = ViewController.swift; sourceTree = "<group>"; };
		FB8527F11E86AE2E00461E91 /* Base */ = {isa = PBXFileReference; lastKnownFileType = file.storyboard; name = Base; path = Base.lproj/Main.storyboard; sourceTree = "<group>"; };
		FB8527F31E86AE2E00461E91 /* Assets.xcassets */ = {isa = PBXFileReference; lastKnownFileType = folder.assetcatalog; path = Assets.xcassets; sourceTree = "<group>"; };
		FB8527F61E86AE2E00461E91 /* Base */ = {isa = PBXFileReference; lastKnownFileType = file.storyboard; name = Base; path = Base.lproj/LaunchScreen.storyboard; sourceTree = "<group>"; };
		FB8527F81E86AE2E00461E91 /* Info.plist */ = {isa = PBXFileReference; lastKnownFileType = text.plist.xml; path = Info.plist; sourceTree = "<group>"; };
		FB8527FD1E86AE2E00461E91 /* SwiftNewsFeedExampleTests.xctest */ = {isa = PBXFileReference; explicitFileType = wrapper.cfbundle; includeInIndex = 0; path = SwiftNewsFeedExampleTests.xctest; sourceTree = BUILT_PRODUCTS_DIR; };
		FB8528011E86AE2E00461E91 /* SwiftNewsFeedExampleTests.swift */ = {isa = PBXFileReference; lastKnownFileType = sourcecode.swift; path = SwiftNewsFeedExampleTests.swift; sourceTree = "<group>"; };
		FB8528031E86AE2E00461E91 /* Info.plist */ = {isa = PBXFileReference; lastKnownFileType = text.plist.xml; path = Info.plist; sourceTree = "<group>"; };
		FB8528081E86AE2E00461E91 /* SwiftNewsFeedExampleUITests.xctest */ = {isa = PBXFileReference; explicitFileType = wrapper.cfbundle; includeInIndex = 0; path = SwiftNewsFeedExampleUITests.xctest; sourceTree = BUILT_PRODUCTS_DIR; };
		FB85280C1E86AE2E00461E91 /* SwiftNewsFeedExampleUITests.swift */ = {isa = PBXFileReference; lastKnownFileType = sourcecode.swift; path = SwiftNewsFeedExampleUITests.swift; sourceTree = "<group>"; };
		FB85280E1E86AE2E00461E91 /* Info.plist */ = {isa = PBXFileReference; lastKnownFileType = text.plist.xml; path = Info.plist; sourceTree = "<group>"; };
		FB85281A1E86DE4400461E91 /* ApiWrapper.swift */ = {isa = PBXFileReference; fileEncoding = 4; lastKnownFileType = sourcecode.swift; path = ApiWrapper.swift; sourceTree = "<group>"; };
		FB85281D1E86DF3100461E91 /* NewsFeedViewController.swift */ = {isa = PBXFileReference; fileEncoding = 4; lastKnownFileType = sourcecode.swift; path = NewsFeedViewController.swift; sourceTree = "<group>"; };
		FB8528211E86EA6800461E91 /* Constants.swift */ = {isa = PBXFileReference; fileEncoding = 4; lastKnownFileType = sourcecode.swift; path = Constants.swift; sourceTree = "<group>"; };
		FBB282701E898F2F004534CA /* CustomNewsFeedItemTableViewCell.swift */ = {isa = PBXFileReference; fileEncoding = 4; lastKnownFileType = sourcecode.swift; path = CustomNewsFeedItemTableViewCell.swift; sourceTree = "<group>"; };
		FBB282721E89A0C1004534CA /* ChosenArticleViewController.swift */ = {isa = PBXFileReference; fileEncoding = 4; lastKnownFileType = sourcecode.swift; path = ChosenArticleViewController.swift; sourceTree = "<group>"; };
		FBCAE8191E88183900D168AD /* getNewsContentBridge.swift */ = {isa = PBXFileReference; fileEncoding = 4; lastKnownFileType = sourcecode.swift; path = getNewsContentBridge.swift; sourceTree = "<group>"; };
		FBCAE81D1E881A2900D168AD /* NewsModel.swift */ = {isa = PBXFileReference; fileEncoding = 4; lastKnownFileType = sourcecode.swift; path = NewsModel.swift; sourceTree = "<group>"; };
		FBCAE8251E885F0400D168AD /* CacheData.swift */ = {isa = PBXFileReference; fileEncoding = 4; lastKnownFileType = sourcecode.swift; path = CacheData.swift; sourceTree = "<group>"; };
/* End PBXFileReference section */

/* Begin PBXFrameworksBuildPhase section */
		FB8527E61E86AE2E00461E91 /* Frameworks */ = {
			isa = PBXFrameworksBuildPhase;
			buildActionMask = 2147483647;
			files = (
				41B6B706A6EEA471F7E6428F /* Pods_SwiftNewsFeedExample.framework in Frameworks */,
			);
			runOnlyForDeploymentPostprocessing = 0;
		};
		FB8527FA1E86AE2E00461E91 /* Frameworks */ = {
			isa = PBXFrameworksBuildPhase;
			buildActionMask = 2147483647;
			files = (
				8E3061363B95F57954846902 /* Pods_SwiftNewsFeedExampleTests.framework in Frameworks */,
			);
			runOnlyForDeploymentPostprocessing = 0;
		};
		FB8528051E86AE2E00461E91 /* Frameworks */ = {
			isa = PBXFrameworksBuildPhase;
			buildActionMask = 2147483647;
			files = (
				1CE382AA500ED484DA83B77C /* Pods_SwiftNewsFeedExampleUITests.framework in Frameworks */,
			);
			runOnlyForDeploymentPostprocessing = 0;
		};
/* End PBXFrameworksBuildPhase section */

/* Begin PBXGroup section */
		5CEFF2F74A2093265E2BC899 /* Frameworks */ = {
			isa = PBXGroup;
			children = (
				DF923C0C5C52C791D124954A /* Pods_SwiftNewsFeedExample.framework */,
				38C7DF8C1C45D9B2E20B443B /* Pods_SwiftNewsFeedExampleTests.framework */,
				6FE365F96E0258CD901B34CE /* Pods_SwiftNewsFeedExampleUITests.framework */,
			);
			name = Frameworks;
			sourceTree = "<group>";
		};
		752E37861F56A5C3F024509F /* Pods */ = {
			isa = PBXGroup;
			children = (
				8E262C194905E5B9C18FA43A /* Pods-SwiftNewsFeedExample.debug.xcconfig */,
				4D631A0D66CF674B0935F7D2 /* Pods-SwiftNewsFeedExample.release.xcconfig */,
				5B79F08520758120DA403A0F /* Pods-SwiftNewsFeedExampleTests.debug.xcconfig */,
				358D1FB20876E8998982FC2A /* Pods-SwiftNewsFeedExampleTests.release.xcconfig */,
				8011BEDFEA0EB91F70FC1247 /* Pods-SwiftNewsFeedExampleUITests.debug.xcconfig */,
				902DB1065CA367B0385A8E87 /* Pods-SwiftNewsFeedExampleUITests.release.xcconfig */,
			);
			name = Pods;
			sourceTree = "<group>";
		};
		FB8527E01E86AE2E00461E91 = {
			isa = PBXGroup;
			children = (
				FB8527EB1E86AE2E00461E91 /* SwiftNewsFeedExample */,
				FB8528001E86AE2E00461E91 /* SwiftNewsFeedExampleTests */,
				FB85280B1E86AE2E00461E91 /* SwiftNewsFeedExampleUITests */,
				FB8527EA1E86AE2E00461E91 /* Products */,
				752E37861F56A5C3F024509F /* Pods */,
				5CEFF2F74A2093265E2BC899 /* Frameworks */,
			);
			sourceTree = "<group>";
		};
		FB8527EA1E86AE2E00461E91 /* Products */ = {
			isa = PBXGroup;
			children = (
				FB8527E91E86AE2E00461E91 /* SwiftNewsFeedExample.app */,
				FB8527FD1E86AE2E00461E91 /* SwiftNewsFeedExampleTests.xctest */,
				FB8528081E86AE2E00461E91 /* SwiftNewsFeedExampleUITests.xctest */,
			);
			name = Products;
			sourceTree = "<group>";
		};
		FB8527EB1E86AE2E00461E91 /* SwiftNewsFeedExample */ = {
			isa = PBXGroup;
			children = (
				FBCAE8241E885E9800D168AD /* Realm */,
				FBCAE81F1E883DA000D168AD /* Views */,
				FB85281F1E86DF3600461E91 /* Controllers */,
				FBCAE81C1E881A0D00D168AD /* Models */,
				FBCAE81B1E88183D00D168AD /* Bridges */,
				FB85281C1E86DE4A00461E91 /* API */,
				FB8528201E86EA4400461E91 /* Constant */,
				FB8527F31E86AE2E00461E91 /* Assets.xcassets */,
				FB8527EC1E86AE2E00461E91 /* AppDelegate.swift */,
				FB8527EE1E86AE2E00461E91 /* ViewController.swift */,
				FB8527F01E86AE2E00461E91 /* Main.storyboard */,
				FB8527F51E86AE2E00461E91 /* LaunchScreen.storyboard */,
				FB8527F81E86AE2E00461E91 /* Info.plist */,
			);
			path = SwiftNewsFeedExample;
			sourceTree = "<group>";
		};
		FB8528001E86AE2E00461E91 /* SwiftNewsFeedExampleTests */ = {
			isa = PBXGroup;
			children = (
				FB8528011E86AE2E00461E91 /* SwiftNewsFeedExampleTests.swift */,
				FB8528031E86AE2E00461E91 /* Info.plist */,
			);
			path = SwiftNewsFeedExampleTests;
			sourceTree = "<group>";
		};
		FB85280B1E86AE2E00461E91 /* SwiftNewsFeedExampleUITests */ = {
			isa = PBXGroup;
			children = (
				FB85280C1E86AE2E00461E91 /* SwiftNewsFeedExampleUITests.swift */,
				FB85280E1E86AE2E00461E91 /* Info.plist */,
			);
			path = SwiftNewsFeedExampleUITests;
			sourceTree = "<group>";
		};
		FB85281C1E86DE4A00461E91 /* API */ = {
			isa = PBXGroup;
			children = (
				FB85281A1E86DE4400461E91 /* ApiWrapper.swift */,
			);
			name = API;
			sourceTree = "<group>";
		};
		FB85281F1E86DF3600461E91 /* Controllers */ = {
			isa = PBXGroup;
			children = (
				FB85281D1E86DF3100461E91 /* NewsFeedViewController.swift */,
				FBB282721E89A0C1004534CA /* ChosenArticleViewController.swift */,
			);
			name = Controllers;
			sourceTree = "<group>";
		};
		FB8528201E86EA4400461E91 /* Constant */ = {
			isa = PBXGroup;
			children = (
				FB8528211E86EA6800461E91 /* Constants.swift */,
			);
			name = Constant;
			sourceTree = "<group>";
		};
		FBCAE81B1E88183D00D168AD /* Bridges */ = {
			isa = PBXGroup;
			children = (
				FBCAE8191E88183900D168AD /* getNewsContentBridge.swift */,
			);
			name = Bridges;
			sourceTree = "<group>";
		};
		FBCAE81C1E881A0D00D168AD /* Models */ = {
			isa = PBXGroup;
			children = (
				FBCAE81D1E881A2900D168AD /* NewsModel.swift */,
			);
			name = Models;
			sourceTree = "<group>";
		};
		FBCAE81F1E883DA000D168AD /* Views */ = {
			isa = PBXGroup;
			children = (
				FBB282701E898F2F004534CA /* CustomNewsFeedItemTableViewCell.swift */,
			);
			name = Views;
			sourceTree = "<group>";
		};
		FBCAE8241E885E9800D168AD /* Realm */ = {
			isa = PBXGroup;
			children = (
				FBCAE8251E885F0400D168AD /* CacheData.swift */,
			);
			name = Realm;
			sourceTree = "<group>";
		};
/* End PBXGroup section */

/* Begin PBXNativeTarget section */
		FB8527E81E86AE2E00461E91 /* SwiftNewsFeedExample */ = {
			isa = PBXNativeTarget;
			buildConfigurationList = FB8528111E86AE2E00461E91 /* Build configuration list for PBXNativeTarget "SwiftNewsFeedExample" */;
			buildPhases = (
				83C6268F88A1A724DEC5E76B /* [CP] Check Pods Manifest.lock */,
				FB8527E51E86AE2E00461E91 /* Sources */,
				FB8527E61E86AE2E00461E91 /* Frameworks */,
				FB8527E71E86AE2E00461E91 /* Resources */,
				77FBD67BE2347F828327E311 /* [CP] Embed Pods Frameworks */,
				7D63B15EA7C6D37450B8A1B5 /* [CP] Copy Pods Resources */,
			);
			buildRules = (
			);
			dependencies = (
			);
			name = SwiftNewsFeedExample;
			productName = SwiftNewsFeedExample;
			productReference = FB8527E91E86AE2E00461E91 /* SwiftNewsFeedExample.app */;
			productType = "com.apple.product-type.application";
		};
		FB8527FC1E86AE2E00461E91 /* SwiftNewsFeedExampleTests */ = {
			isa = PBXNativeTarget;
			buildConfigurationList = FB8528141E86AE2E00461E91 /* Build configuration list for PBXNativeTarget "SwiftNewsFeedExampleTests" */;
			buildPhases = (
				546890B0F33E1A9CB4D886A3 /* [CP] Check Pods Manifest.lock */,
				FB8527F91E86AE2E00461E91 /* Sources */,
				FB8527FA1E86AE2E00461E91 /* Frameworks */,
				FB8527FB1E86AE2E00461E91 /* Resources */,
				CC86C0B4CC99D94C45B84045 /* [CP] Embed Pods Frameworks */,
				83F4ED444ADCF5E9D459218B /* [CP] Copy Pods Resources */,
			);
			buildRules = (
			);
			dependencies = (
				FB8527FF1E86AE2E00461E91 /* PBXTargetDependency */,
			);
			name = SwiftNewsFeedExampleTests;
			productName = SwiftNewsFeedExampleTests;
			productReference = FB8527FD1E86AE2E00461E91 /* SwiftNewsFeedExampleTests.xctest */;
			productType = "com.apple.product-type.bundle.unit-test";
		};
		FB8528071E86AE2E00461E91 /* SwiftNewsFeedExampleUITests */ = {
			isa = PBXNativeTarget;
			buildConfigurationList = FB8528171E86AE2E00461E91 /* Build configuration list for PBXNativeTarget "SwiftNewsFeedExampleUITests" */;
			buildPhases = (
				2857A24305923CA5A92CF47C /* [CP] Check Pods Manifest.lock */,
				FB8528041E86AE2E00461E91 /* Sources */,
				FB8528051E86AE2E00461E91 /* Frameworks */,
				FB8528061E86AE2E00461E91 /* Resources */,
				FFB6D1DC577F4F00441807BB /* [CP] Embed Pods Frameworks */,
				7D5824BB2F1BD2235F60A3B1 /* [CP] Copy Pods Resources */,
			);
			buildRules = (
			);
			dependencies = (
				FB85280A1E86AE2E00461E91 /* PBXTargetDependency */,
			);
			name = SwiftNewsFeedExampleUITests;
			productName = SwiftNewsFeedExampleUITests;
			productReference = FB8528081E86AE2E00461E91 /* SwiftNewsFeedExampleUITests.xctest */;
			productType = "com.apple.product-type.bundle.ui-testing";
		};
/* End PBXNativeTarget section */

/* Begin PBXProject section */
		FB8527E11E86AE2E00461E91 /* Project object */ = {
			isa = PBXProject;
			attributes = {
				LastSwiftUpdateCheck = 0820;
				LastUpgradeCheck = 0820;
				ORGANIZATIONNAME = "Haider Ashfaq";
				TargetAttributes = {
					FB8527E81E86AE2E00461E91 = {
						CreatedOnToolsVersion = 8.2.1;
						DevelopmentTeam = Y3KGETM3G3;
						ProvisioningStyle = Automatic;
					};
					FB8527FC1E86AE2E00461E91 = {
						CreatedOnToolsVersion = 8.2.1;
						ProvisioningStyle = Automatic;
						TestTargetID = FB8527E81E86AE2E00461E91;
					};
					FB8528071E86AE2E00461E91 = {
						CreatedOnToolsVersion = 8.2.1;
						ProvisioningStyle = Automatic;
						TestTargetID = FB8527E81E86AE2E00461E91;
					};
				};
			};
			buildConfigurationList = FB8527E41E86AE2E00461E91 /* Build configuration list for PBXProject "SwiftNewsFeedExample" */;
			compatibilityVersion = "Xcode 3.2";
			developmentRegion = English;
			hasScannedForEncodings = 0;
			knownRegions = (
				en,
				Base,
			);
			mainGroup = FB8527E01E86AE2E00461E91;
			productRefGroup = FB8527EA1E86AE2E00461E91 /* Products */;
			projectDirPath = "";
			projectRoot = "";
			targets = (
				FB8527E81E86AE2E00461E91 /* SwiftNewsFeedExample */,
				FB8527FC1E86AE2E00461E91 /* SwiftNewsFeedExampleTests */,
				FB8528071E86AE2E00461E91 /* SwiftNewsFeedExampleUITests */,
			);
		};
/* End PBXProject section */

/* Begin PBXResourcesBuildPhase section */
		FB8527E71E86AE2E00461E91 /* Resources */ = {
			isa = PBXResourcesBuildPhase;
			buildActionMask = 2147483647;
			files = (
				FB8527F71E86AE2E00461E91 /* LaunchScreen.storyboard in Resources */,
				FB8527F41E86AE2E00461E91 /* Assets.xcassets in Resources */,
				FB8527F21E86AE2E00461E91 /* Main.storyboard in Resources */,
			);
			runOnlyForDeploymentPostprocessing = 0;
		};
		FB8527FB1E86AE2E00461E91 /* Resources */ = {
			isa = PBXResourcesBuildPhase;
			buildActionMask = 2147483647;
			files = (
			);
			runOnlyForDeploymentPostprocessing = 0;
		};
		FB8528061E86AE2E00461E91 /* Resources */ = {
			isa = PBXResourcesBuildPhase;
			buildActionMask = 2147483647;
			files = (
			);
			runOnlyForDeploymentPostprocessing = 0;
		};
/* End PBXResourcesBuildPhase section */

/* Begin PBXShellScriptBuildPhase section */
		2857A24305923CA5A92CF47C /* [CP] Check Pods Manifest.lock */ = {
			isa = PBXShellScriptBuildPhase;
			buildActionMask = 2147483647;
			files = (
			);
			inputPaths = (
			);
			name = "[CP] Check Pods Manifest.lock";
			outputPaths = (
			);
			runOnlyForDeploymentPostprocessing = 0;
			shellPath = /bin/sh;
			shellScript = "diff \"${PODS_ROOT}/../Podfile.lock\" \"${PODS_ROOT}/Manifest.lock\" > /dev/null\nif [ $? != 0 ] ; then\n    # print error to STDERR\n    echo \"error: The sandbox is not in sync with the Podfile.lock. Run 'pod install' or update your CocoaPods installation.\" >&2\n    exit 1\nfi\n";
			showEnvVarsInLog = 0;
		};
		546890B0F33E1A9CB4D886A3 /* [CP] Check Pods Manifest.lock */ = {
			isa = PBXShellScriptBuildPhase;
			buildActionMask = 2147483647;
			files = (
			);
			inputPaths = (
			);
			name = "[CP] Check Pods Manifest.lock";
			outputPaths = (
			);
			runOnlyForDeploymentPostprocessing = 0;
			shellPath = /bin/sh;
			shellScript = "diff \"${PODS_ROOT}/../Podfile.lock\" \"${PODS_ROOT}/Manifest.lock\" > /dev/null\nif [ $? != 0 ] ; then\n    # print error to STDERR\n    echo \"error: The sandbox is not in sync with the Podfile.lock. Run 'pod install' or update your CocoaPods installation.\" >&2\n    exit 1\nfi\n";
			showEnvVarsInLog = 0;
		};
		77FBD67BE2347F828327E311 /* [CP] Embed Pods Frameworks */ = {
			isa = PBXShellScriptBuildPhase;
			buildActionMask = 2147483647;
			files = (
			);
			inputPaths = (
			);
			name = "[CP] Embed Pods Frameworks";
			outputPaths = (
			);
			runOnlyForDeploymentPostprocessing = 0;
			shellPath = /bin/sh;
			shellScript = "\"${SRCROOT}/Pods/Target Support Files/Pods-SwiftNewsFeedExample/Pods-SwiftNewsFeedExample-frameworks.sh\"\n";
			showEnvVarsInLog = 0;
		};
		7D5824BB2F1BD2235F60A3B1 /* [CP] Copy Pods Resources */ = {
			isa = PBXShellScriptBuildPhase;
			buildActionMask = 2147483647;
			files = (
			);
			inputPaths = (
			);
			name = "[CP] Copy Pods Resources";
			outputPaths = (
			);
			runOnlyForDeploymentPostprocessing = 0;
			shellPath = /bin/sh;
			shellScript = "\"${SRCROOT}/Pods/Target Support Files/Pods-SwiftNewsFeedExampleUITests/Pods-SwiftNewsFeedExampleUITests-resources.sh\"\n";
			showEnvVarsInLog = 0;
		};
		7D63B15EA7C6D37450B8A1B5 /* [CP] Copy Pods Resources */ = {
			isa = PBXShellScriptBuildPhase;
			buildActionMask = 2147483647;
			files = (
			);
			inputPaths = (
			);
			name = "[CP] Copy Pods Resources";
			outputPaths = (
			);
			runOnlyForDeploymentPostprocessing = 0;
			shellPath = /bin/sh;
			shellScript = "\"${SRCROOT}/Pods/Target Support Files/Pods-SwiftNewsFeedExample/Pods-SwiftNewsFeedExample-resources.sh\"\n";
			showEnvVarsInLog = 0;
		};
		83C6268F88A1A724DEC5E76B /* [CP] Check Pods Manifest.lock */ = {
			isa = PBXShellScriptBuildPhase;
			buildActionMask = 2147483647;
			files = (
			);
			inputPaths = (
			);
			name = "[CP] Check Pods Manifest.lock";
			outputPaths = (
			);
			runOnlyForDeploymentPostprocessing = 0;
			shellPath = /bin/sh;
			shellScript = "diff \"${PODS_ROOT}/../Podfile.lock\" \"${PODS_ROOT}/Manifest.lock\" > /dev/null\nif [ $? != 0 ] ; then\n    # print error to STDERR\n    echo \"error: The sandbox is not in sync with the Podfile.lock. Run 'pod install' or update your CocoaPods installation.\" >&2\n    exit 1\nfi\n";
			showEnvVarsInLog = 0;
		};
		83F4ED444ADCF5E9D459218B /* [CP] Copy Pods Resources */ = {
			isa = PBXShellScriptBuildPhase;
			buildActionMask = 2147483647;
			files = (
			);
			inputPaths = (
			);
			name = "[CP] Copy Pods Resources";
			outputPaths = (
			);
			runOnlyForDeploymentPostprocessing = 0;
			shellPath = /bin/sh;
			shellScript = "\"${SRCROOT}/Pods/Target Support Files/Pods-SwiftNewsFeedExampleTests/Pods-SwiftNewsFeedExampleTests-resources.sh\"\n";
			showEnvVarsInLog = 0;
		};
		CC86C0B4CC99D94C45B84045 /* [CP] Embed Pods Frameworks */ = {
			isa = PBXShellScriptBuildPhase;
			buildActionMask = 2147483647;
			files = (
			);
			inputPaths = (
			);
			name = "[CP] Embed Pods Frameworks";
			outputPaths = (
			);
			runOnlyForDeploymentPostprocessing = 0;
			shellPath = /bin/sh;
			shellScript = "\"${SRCROOT}/Pods/Target Support Files/Pods-SwiftNewsFeedExampleTests/Pods-SwiftNewsFeedExampleTests-frameworks.sh\"\n";
			showEnvVarsInLog = 0;
		};
		FFB6D1DC577F4F00441807BB /* [CP] Embed Pods Frameworks */ = {
			isa = PBXShellScriptBuildPhase;
			buildActionMask = 2147483647;
			files = (
			);
			inputPaths = (
			);
			name = "[CP] Embed Pods Frameworks";
			outputPaths = (
			);
			runOnlyForDeploymentPostprocessing = 0;
			shellPath = /bin/sh;
			shellScript = "\"${SRCROOT}/Pods/Target Support Files/Pods-SwiftNewsFeedExampleUITests/Pods-SwiftNewsFeedExampleUITests-frameworks.sh\"\n";
			showEnvVarsInLog = 0;
		};
/* End PBXShellScriptBuildPhase section */

/* Begin PBXSourcesBuildPhase section */
		FB8527E51E86AE2E00461E91 /* Sources */ = {
			isa = PBXSourcesBuildPhase;
			buildActionMask = 2147483647;
			files = (
				FBCAE81E1E881A2900D168AD /* NewsModel.swift in Sources */,
				FB8528221E86EA6800461E91 /* Constants.swift in Sources */,
				FB8527EF1E86AE2E00461E91 /* ViewController.swift in Sources */,
				FBCAE81A1E88183900D168AD /* getNewsContentBridge.swift in Sources */,
				FB8527ED1E86AE2E00461E91 /* AppDelegate.swift in Sources */,
				FBB282711E898F2F004534CA /* CustomNewsFeedItemTableViewCell.swift in Sources */,
				FBCAE8261E885F0400D168AD /* CacheData.swift in Sources */,
				FB85281B1E86DE4400461E91 /* ApiWrapper.swift in Sources */,
				FB85281E1E86DF3100461E91 /* NewsFeedViewController.swift in Sources */,
				FBB282731E89A0C1004534CA /* ChosenArticleViewController.swift in Sources */,
			);
			runOnlyForDeploymentPostprocessing = 0;
		};
		FB8527F91E86AE2E00461E91 /* Sources */ = {
			isa = PBXSourcesBuildPhase;
			buildActionMask = 2147483647;
			files = (
				FB8528021E86AE2E00461E91 /* SwiftNewsFeedExampleTests.swift in Sources */,
			);
			runOnlyForDeploymentPostprocessing = 0;
		};
		FB8528041E86AE2E00461E91 /* Sources */ = {
			isa = PBXSourcesBuildPhase;
			buildActionMask = 2147483647;
			files = (
				FB85280D1E86AE2E00461E91 /* SwiftNewsFeedExampleUITests.swift in Sources */,
			);
			runOnlyForDeploymentPostprocessing = 0;
		};
/* End PBXSourcesBuildPhase section */

/* Begin PBXTargetDependency section */
		FB8527FF1E86AE2E00461E91 /* PBXTargetDependency */ = {
			isa = PBXTargetDependency;
			target = FB8527E81E86AE2E00461E91 /* SwiftNewsFeedExample */;
			targetProxy = FB8527FE1E86AE2E00461E91 /* PBXContainerItemProxy */;
		};
		FB85280A1E86AE2E00461E91 /* PBXTargetDependency */ = {
			isa = PBXTargetDependency;
			target = FB8527E81E86AE2E00461E91 /* SwiftNewsFeedExample */;
			targetProxy = FB8528091E86AE2E00461E91 /* PBXContainerItemProxy */;
		};
/* End PBXTargetDependency section */

/* Begin PBXVariantGroup section */
		FB8527F01E86AE2E00461E91 /* Main.storyboard */ = {
			isa = PBXVariantGroup;
			children = (
				FB8527F11E86AE2E00461E91 /* Base */,
			);
			name = Main.storyboard;
			sourceTree = "<group>";
		};
		FB8527F51E86AE2E00461E91 /* LaunchScreen.storyboard */ = {
			isa = PBXVariantGroup;
			children = (
				FB8527F61E86AE2E00461E91 /* Base */,
			);
			name = LaunchScreen.storyboard;
			sourceTree = "<group>";
		};
/* End PBXVariantGroup section */

/* Begin XCBuildConfiguration section */
		FB85280F1E86AE2E00461E91 /* Debug */ = {
			isa = XCBuildConfiguration;
			buildSettings = {
				ALWAYS_SEARCH_USER_PATHS = NO;
				CLANG_ANALYZER_NONNULL = YES;
				CLANG_CXX_LANGUAGE_STANDARD = "gnu++0x";
				CLANG_CXX_LIBRARY = "libc++";
				CLANG_ENABLE_MODULES = YES;
				CLANG_ENABLE_OBJC_ARC = YES;
				CLANG_WARN_BOOL_CONVERSION = YES;
				CLANG_WARN_CONSTANT_CONVERSION = YES;
				CLANG_WARN_DIRECT_OBJC_ISA_USAGE = YES_ERROR;
				CLANG_WARN_DOCUMENTATION_COMMENTS = YES;
				CLANG_WARN_EMPTY_BODY = YES;
				CLANG_WARN_ENUM_CONVERSION = YES;
				CLANG_WARN_INFINITE_RECURSION = YES;
				CLANG_WARN_INT_CONVERSION = YES;
				CLANG_WARN_OBJC_ROOT_CLASS = YES_ERROR;
				CLANG_WARN_SUSPICIOUS_MOVE = YES;
				CLANG_WARN_UNREACHABLE_CODE = YES;
				CLANG_WARN__DUPLICATE_METHOD_MATCH = YES;
				"CODE_SIGN_IDENTITY[sdk=iphoneos*]" = "iPhone Developer";
				COPY_PHASE_STRIP = NO;
				DEBUG_INFORMATION_FORMAT = dwarf;
				ENABLE_STRICT_OBJC_MSGSEND = YES;
				ENABLE_TESTABILITY = YES;
				GCC_C_LANGUAGE_STANDARD = gnu99;
				GCC_DYNAMIC_NO_PIC = NO;
				GCC_NO_COMMON_BLOCKS = YES;
				GCC_OPTIMIZATION_LEVEL = 0;
				GCC_PREPROCESSOR_DEFINITIONS = (
					"DEBUG=1",
					"$(inherited)",
				);
				GCC_WARN_64_TO_32_BIT_CONVERSION = YES;
				GCC_WARN_ABOUT_RETURN_TYPE = YES_ERROR;
				GCC_WARN_UNDECLARED_SELECTOR = YES;
				GCC_WARN_UNINITIALIZED_AUTOS = YES_AGGRESSIVE;
				GCC_WARN_UNUSED_FUNCTION = YES;
				GCC_WARN_UNUSED_VARIABLE = YES;
				IPHONEOS_DEPLOYMENT_TARGET = 10.2;
				MTL_ENABLE_DEBUG_INFO = YES;
				ONLY_ACTIVE_ARCH = YES;
				SDKROOT = iphoneos;
				SWIFT_ACTIVE_COMPILATION_CONDITIONS = DEBUG;
				SWIFT_OPTIMIZATION_LEVEL = "-Onone";
			};
			name = Debug;
		};
		FB8528101E86AE2E00461E91 /* Release */ = {
			isa = XCBuildConfiguration;
			buildSettings = {
				ALWAYS_SEARCH_USER_PATHS = NO;
				CLANG_ANALYZER_NONNULL = YES;
				CLANG_CXX_LANGUAGE_STANDARD = "gnu++0x";
				CLANG_CXX_LIBRARY = "libc++";
				CLANG_ENABLE_MODULES = YES;
				CLANG_ENABLE_OBJC_ARC = YES;
				CLANG_WARN_BOOL_CONVERSION = YES;
				CLANG_WARN_CONSTANT_CONVERSION = YES;
				CLANG_WARN_DIRECT_OBJC_ISA_USAGE = YES_ERROR;
				CLANG_WARN_DOCUMENTATION_COMMENTS = YES;
				CLANG_WARN_EMPTY_BODY = YES;
				CLANG_WARN_ENUM_CONVERSION = YES;
				CLANG_WARN_INFINITE_RECURSION = YES;
				CLANG_WARN_INT_CONVERSION = YES;
				CLANG_WARN_OBJC_ROOT_CLASS = YES_ERROR;
				CLANG_WARN_SUSPICIOUS_MOVE = YES;
				CLANG_WARN_UNREACHABLE_CODE = YES;
				CLANG_WARN__DUPLICATE_METHOD_MATCH = YES;
				"CODE_SIGN_IDENTITY[sdk=iphoneos*]" = "iPhone Developer";
				COPY_PHASE_STRIP = NO;
				DEBUG_INFORMATION_FORMAT = "dwarf-with-dsym";
				ENABLE_NS_ASSERTIONS = NO;
				ENABLE_STRICT_OBJC_MSGSEND = YES;
				GCC_C_LANGUAGE_STANDARD = gnu99;
				GCC_NO_COMMON_BLOCKS = YES;
				GCC_WARN_64_TO_32_BIT_CONVERSION = YES;
				GCC_WARN_ABOUT_RETURN_TYPE = YES_ERROR;
				GCC_WARN_UNDECLARED_SELECTOR = YES;
				GCC_WARN_UNINITIALIZED_AUTOS = YES_AGGRESSIVE;
				GCC_WARN_UNUSED_FUNCTION = YES;
				GCC_WARN_UNUSED_VARIABLE = YES;
				IPHONEOS_DEPLOYMENT_TARGET = 10.2;
				MTL_ENABLE_DEBUG_INFO = NO;
				SDKROOT = iphoneos;
				SWIFT_OPTIMIZATION_LEVEL = "-Owholemodule";
				VALIDATE_PRODUCT = YES;
			};
			name = Release;
		};
		FB8528121E86AE2E00461E91 /* Debug */ = {
			isa = XCBuildConfiguration;
			baseConfigurationReference = 8E262C194905E5B9C18FA43A /* Pods-SwiftNewsFeedExample.debug.xcconfig */;
			buildSettings = {
				ASSETCATALOG_COMPILER_APPICON_NAME = AppIcon;
				DEVELOPMENT_TEAM = Y3KGETM3G3;
				INFOPLIST_FILE = SwiftNewsFeedExample/Info.plist;
				LD_RUNPATH_SEARCH_PATHS = "$(inherited) @executable_path/Frameworks";
				PRODUCT_BUNDLE_IDENTIFIER = "Haider-Ashfaq.SwiftNewsFeedExample";
				PRODUCT_NAME = "$(TARGET_NAME)";
				SWIFT_VERSION = 3.0;
			};
			name = Debug;
		};
		FB8528131E86AE2E00461E91 /* Release */ = {
			isa = XCBuildConfiguration;
			baseConfigurationReference = 4D631A0D66CF674B0935F7D2 /* Pods-SwiftNewsFeedExample.release.xcconfig */;
			buildSettings = {
				ASSETCATALOG_COMPILER_APPICON_NAME = AppIcon;
				DEVELOPMENT_TEAM = Y3KGETM3G3;
				INFOPLIST_FILE = SwiftNewsFeedExample/Info.plist;
				LD_RUNPATH_SEARCH_PATHS = "$(inherited) @executable_path/Frameworks";
				PRODUCT_BUNDLE_IDENTIFIER = "Haider-Ashfaq.SwiftNewsFeedExample";
				PRODUCT_NAME = "$(TARGET_NAME)";
				SWIFT_VERSION = 3.0;
			};
			name = Release;
		};
		FB8528151E86AE2E00461E91 /* Debug */ = {
			isa = XCBuildConfiguration;
			baseConfigurationReference = 5B79F08520758120DA403A0F /* Pods-SwiftNewsFeedExampleTests.debug.xcconfig */;
			buildSettings = {
				ALWAYS_EMBED_SWIFT_STANDARD_LIBRARIES = YES;
				BUNDLE_LOADER = "$(TEST_HOST)";
				INFOPLIST_FILE = SwiftNewsFeedExampleTests/Info.plist;
				LD_RUNPATH_SEARCH_PATHS = "$(inherited) @executable_path/Frameworks @loader_path/Frameworks";
				PRODUCT_BUNDLE_IDENTIFIER = "Haider-Ashfaq.SwiftNewsFeedExampleTests";
				PRODUCT_NAME = "$(TARGET_NAME)";
				SWIFT_VERSION = 3.0;
				TEST_HOST = "$(BUILT_PRODUCTS_DIR)/SwiftNewsFeedExample.app/SwiftNewsFeedExample";
			};
			name = Debug;
		};
		FB8528161E86AE2E00461E91 /* Release */ = {
			isa = XCBuildConfiguration;
			baseConfigurationReference = 358D1FB20876E8998982FC2A /* Pods-SwiftNewsFeedExampleTests.release.xcconfig */;
			buildSettings = {
				ALWAYS_EMBED_SWIFT_STANDARD_LIBRARIES = YES;
				BUNDLE_LOADER = "$(TEST_HOST)";
				INFOPLIST_FILE = SwiftNewsFeedExampleTests/Info.plist;
				LD_RUNPATH_SEARCH_PATHS = "$(inherited) @executable_path/Frameworks @loader_path/Frameworks";
				PRODUCT_BUNDLE_IDENTIFIER = "Haider-Ashfaq.SwiftNewsFeedExampleTests";
				PRODUCT_NAME = "$(TARGET_NAME)";
				SWIFT_VERSION = 3.0;
				TEST_HOST = "$(BUILT_PRODUCTS_DIR)/SwiftNewsFeedExample.app/SwiftNewsFeedExample";
			};
			name = Release;
		};
		FB8528181E86AE2E00461E91 /* Debug */ = {
			isa = XCBuildConfiguration;
			baseConfigurationReference = 8011BEDFEA0EB91F70FC1247 /* Pods-SwiftNewsFeedExampleUITests.debug.xcconfig */;
			buildSettings = {
				ALWAYS_EMBED_SWIFT_STANDARD_LIBRARIES = YES;
				INFOPLIST_FILE = SwiftNewsFeedExampleUITests/Info.plist;
				LD_RUNPATH_SEARCH_PATHS = "$(inherited) @executable_path/Frameworks @loader_path/Frameworks";
				PRODUCT_BUNDLE_IDENTIFIER = "Haider-Ashfaq.SwiftNewsFeedExampleUITests";
				PRODUCT_NAME = "$(TARGET_NAME)";
				SWIFT_VERSION = 3.0;
				TEST_TARGET_NAME = SwiftNewsFeedExample;
			};
			name = Debug;
		};
		FB8528191E86AE2E00461E91 /* Release */ = {
			isa = XCBuildConfiguration;
			baseConfigurationReference = 902DB1065CA367B0385A8E87 /* Pods-SwiftNewsFeedExampleUITests.release.xcconfig */;
			buildSettings = {
				ALWAYS_EMBED_SWIFT_STANDARD_LIBRARIES = YES;
				INFOPLIST_FILE = SwiftNewsFeedExampleUITests/Info.plist;
				LD_RUNPATH_SEARCH_PATHS = "$(inherited) @executable_path/Frameworks @loader_path/Frameworks";
				PRODUCT_BUNDLE_IDENTIFIER = "Haider-Ashfaq.SwiftNewsFeedExampleUITests";
				PRODUCT_NAME = "$(TARGET_NAME)";
				SWIFT_VERSION = 3.0;
				TEST_TARGET_NAME = SwiftNewsFeedExample;
			};
			name = Release;
		};
/* End XCBuildConfiguration section */

/* Begin XCConfigurationList section */
		FB8527E41E86AE2E00461E91 /* Build configuration list for PBXProject "SwiftNewsFeedExample" */ = {
			isa = XCConfigurationList;
			buildConfigurations = (
				FB85280F1E86AE2E00461E91 /* Debug */,
				FB8528101E86AE2E00461E91 /* Release */,
			);
			defaultConfigurationIsVisible = 0;
			defaultConfigurationName = Release;
		};
		FB8528111E86AE2E00461E91 /* Build configuration list for PBXNativeTarget "SwiftNewsFeedExample" */ = {
			isa = XCConfigurationList;
			buildConfigurations = (
				FB8528121E86AE2E00461E91 /* Debug */,
				FB8528131E86AE2E00461E91 /* Release */,
			);
			defaultConfigurationIsVisible = 0;
			defaultConfigurationName = Release;
		};
		FB8528141E86AE2E00461E91 /* Build configuration list for PBXNativeTarget "SwiftNewsFeedExampleTests" */ = {
			isa = XCConfigurationList;
			buildConfigurations = (
				FB8528151E86AE2E00461E91 /* Debug */,
				FB8528161E86AE2E00461E91 /* Release */,
			);
			defaultConfigurationIsVisible = 0;
			defaultConfigurationName = Release;
		};
		FB8528171E86AE2E00461E91 /* Build configuration list for PBXNativeTarget "SwiftNewsFeedExampleUITests" */ = {
			isa = XCConfigurationList;
			buildConfigurations = (
				FB8528181E86AE2E00461E91 /* Debug */,
				FB8528191E86AE2E00461E91 /* Release */,
			);
			defaultConfigurationIsVisible = 0;
			defaultConfigurationName = Release;
		};
/* End XCConfigurationList section */
	};
	rootObject = FB8527E11E86AE2E00461E91 /* Project object */;
}
